
Microsoft Visual Studio Solution File, Format Version 12.00
# Visual Studio Version 17
VisualStudioVersion = 17.5.002.0
MinimumVisualStudioVersion = 10.0.40219.1
Project("{2150E333-8FDC-42A3-9474-1A3956D46DE8}") = "csharp-prep", "csharp-prep", "{792B9444-D12A-4675-9722-89D7C82B6238}"
EndProject
Project("{9A19103F-16F7-4668-BE54-9A1E7A4F7556}") = "Prep1", "csharp-prep\Prep1\Prep1.csproj", "{FC030DD5-358C-4DD6-8BF6-BC06CEFC84B9}"
EndProject
Project("{9A19103F-16F7-4668-BE54-9A1E7A4F7556}") = "Prep2", "csharp-prep\Prep2\Prep2.csproj", "{C3ECE465-07EB-4A5D-9213-48FDF79B1BD0}"
EndProject
Project("{9A19103F-16F7-4668-BE54-9A1E7A4F7556}") = "Prep3", "csharp-prep\Prep3\Prep3.csproj", "{89F17D4A-AAC5-4F2D-8F56-4F167C6C301A}"
EndProject
Project("{9A19103F-16F7-4668-BE54-9A1E7A4F7556}") = "Prep4", "csharp-prep\Prep4\Prep4.csproj", "{54F6C0CC-DA39-41CB-88D8-CA048FBE0B07}"
EndProject
Project("{9A19103F-16F7-4668-BE54-9A1E7A4F7556}") = "Prep5", "csharp-prep\Prep5\Prep5.csproj", "{B3EC5A55-C4BE-49FA-BA17-1BC3B26811E0}"
EndProject
Project("{2150E333-8FDC-42A3-9474-1A3956D46DE8}") = "final", "final", "{DE467795-AD0C-4088-9644-0D9FB9092B42}"
EndProject
Project("{9A19103F-16F7-4668-BE54-9A1E7A4F7556}") = "FinalProject", "final\FinalProject\FinalProject.csproj", "{60EF91C6-A48C-4F6D-847E-48A533932AD6}"
EndProject
Project("{9A19103F-16F7-4668-BE54-9A1E7A4F7556}") = "Foundation1", "final\Foundation1\Foundation1.csproj", "{D63FAD32-4C64-4162-8EC7-646B423EBB37}"
EndProject
Project("{9A19103F-16F7-4668-BE54-9A1E7A4F7556}") = "Foundation2", "final\Foundation2\Foundation2.csproj", "{2B88DE71-46E7-4F02-99A7-CEAA4B5DFC3E}"
EndProject
Project("{9A19103F-16F7-4668-BE54-9A1E7A4F7556}") = "Foundation3", "final\Foundation3\Foundation3.csproj", "{625A3E2E-E06C-4236-BDE2-2DA32676D9A1}"
EndProject
Project("{9A19103F-16F7-4668-BE54-9A1E7A4F7556}") = "Foundation4", "final\Foundation4\Foundation4.csproj", "{1C65AD74-02A9-48E9-8F54-938B7514AFD8}"
EndProject
Project("{2150E333-8FDC-42A3-9474-1A3956D46DE8}") = "prepare", "prepare", "{B1A11794-22B3-4770-AA90-C7B1942FB19A}"
EndProject
Project("{9A19103F-16F7-4668-BE54-9A1E7A4F7556}") = "Learning02", "prepare\Learning02\Learning02.csproj", "{BE5872D8-BFEA-4DA5-8862-F21D69D568F0}"
EndProject
Project("{9A19103F-16F7-4668-BE54-9A1E7A4F7556}") = "Learning03", "prepare\Learning03\Learning03.csproj", "{6D60AD08-2CDB-4AD7-8978-545F3BF8D14B}"
EndProject
Project("{9A19103F-16F7-4668-BE54-9A1E7A4F7556}") = "Learning04", "prepare\Learning04\Learning04.csproj", "{833B04B8-4B35-4813-B50D-DEEB71FD7969}"
EndProject
Project("{9A19103F-16F7-4668-BE54-9A1E7A4F7556}") = "Learning05", "prepare\Learning05\Learning05.csproj", "{A2AF9420-914F-4D84-9EDA-623E7C2E68DD}"
EndProject
Project("{2150E333-8FDC-42A3-9474-1A3956D46DE8}") = "prove", "prove", "{B80A59F9-1CF7-4E42-A41B-E012B20674E2}"
EndProject
Project("{9A19103F-16F7-4668-BE54-9A1E7A4F7556}") = "Develop02", "prove\Develop02\Develop02.csproj", "{7EEBA37A-6536-46B8-B89F-1ABE9DFAF87B}"
EndProject
Project("{9A19103F-16F7-4668-BE54-9A1E7A4F7556}") = "Develop03", "prove\Develop03\Develop03.csproj", "{2F133AE5-1347-4B59-9629-31C27CB08BC0}"
EndProject
Project("{9A19103F-16F7-4668-BE54-9A1E7A4F7556}") = "Develop04", "prove\Develop04\Develop04.csproj", "{68A1AD71-ECF0-45EA-B794-2BF91A1A7E51}"
EndProject
Project("{9A19103F-16F7-4668-BE54-9A1E7A4F7556}") = "Develop05", "prove\Develop05\Develop05.csproj", "{76B94616-1C5D-4986-B2A4-E0732AA77B45}"
EndProject
Project("{2150E333-8FDC-42A3-9474-1A3956D46DE8}") = "sandbox", "sandbox", "{27C295FE-D035-4909-B098-7F46D37B2661}"
EndProject
Project("{9A19103F-16F7-4668-BE54-9A1E7A4F7556}") = "Sandbox", "sandbox\Sandbox\Sandbox.csproj", "{179A955C-4DA9-44D0-8451-A7FA93B143F5}"
EndProject
Global
	GlobalSection(SolutionConfigurationPlatforms) = preSolution
		Debug|Any CPU = Debug|Any CPU
		Release|Any CPU = Release|Any CPU
	EndGlobalSection
	GlobalSection(ProjectConfigurationPlatforms) = postSolution
		{FC030DD5-358C-4DD6-8BF6-BC06CEFC84B9}.Debug|Any CPU.ActiveCfg = Debug|Any CPU
		{FC030DD5-358C-4DD6-8BF6-BC06CEFC84B9}.Debug|Any CPU.Build.0 = Debug|Any CPU
		{FC030DD5-358C-4DD6-8BF6-BC06CEFC84B9}.Release|Any CPU.ActiveCfg = Release|Any CPU
		{FC030DD5-358C-4DD6-8BF6-BC06CEFC84B9}.Release|Any CPU.Build.0 = Release|Any CPU
		{C3ECE465-07EB-4A5D-9213-48FDF79B1BD0}.Debug|Any CPU.ActiveCfg = Debug|Any CPU
		{C3ECE465-07EB-4A5D-9213-48FDF79B1BD0}.Debug|Any CPU.Build.0 = Debug|Any CPU
		{C3ECE465-07EB-4A5D-9213-48FDF79B1BD0}.Release|Any CPU.ActiveCfg = Release|Any CPU
		{C3ECE465-07EB-4A5D-9213-48FDF79B1BD0}.Release|Any CPU.Build.0 = Release|Any CPU
		{89F17D4A-AAC5-4F2D-8F56-4F167C6C301A}.Debug|Any CPU.ActiveCfg = Debug|Any CPU
		{89F17D4A-AAC5-4F2D-8F56-4F167C6C301A}.Debug|Any CPU.Build.0 = Debug|Any CPU
		{89F17D4A-AAC5-4F2D-8F56-4F167C6C301A}.Release|Any CPU.ActiveCfg = Release|Any CPU
		{89F17D4A-AAC5-4F2D-8F56-4F167C6C301A}.Release|Any CPU.Build.0 = Release|Any CPU
		{54F6C0CC-DA39-41CB-88D8-CA048FBE0B07}.Debug|Any CPU.ActiveCfg = Debug|Any CPU
		{54F6C0CC-DA39-41CB-88D8-CA048FBE0B07}.Debug|Any CPU.Build.0 = Debug|Any CPU
		{54F6C0CC-DA39-41CB-88D8-CA048FBE0B07}.Release|Any CPU.ActiveCfg = Release|Any CPU
		{54F6C0CC-DA39-41CB-88D8-CA048FBE0B07}.Release|Any CPU.Build.0 = Release|Any CPU
		{B3EC5A55-C4BE-49FA-BA17-1BC3B26811E0}.Debug|Any CPU.ActiveCfg = Debug|Any CPU
		{B3EC5A55-C4BE-49FA-BA17-1BC3B26811E0}.Debug|Any CPU.Build.0 = Debug|Any CPU
		{B3EC5A55-C4BE-49FA-BA17-1BC3B26811E0}.Release|Any CPU.ActiveCfg = Release|Any CPU
		{B3EC5A55-C4BE-49FA-BA17-1BC3B26811E0}.Release|Any CPU.Build.0 = Release|Any CPU
		{60EF91C6-A48C-4F6D-847E-48A533932AD6}.Debug|Any CPU.ActiveCfg = Debug|Any CPU
		{60EF91C6-A48C-4F6D-847E-48A533932AD6}.Debug|Any CPU.Build.0 = Debug|Any CPU
		{60EF91C6-A48C-4F6D-847E-48A533932AD6}.Release|Any CPU.ActiveCfg = Release|Any CPU
		{60EF91C6-A48C-4F6D-847E-48A533932AD6}.Release|Any CPU.Build.0 = Release|Any CPU
		{D63FAD32-4C64-4162-8EC7-646B423EBB37}.Debug|Any CPU.ActiveCfg = Debug|Any CPU
		{D63FAD32-4C64-4162-8EC7-646B423EBB37}.Debug|Any CPU.Build.0 = Debug|Any CPU
		{D63FAD32-4C64-4162-8EC7-646B423EBB37}.Release|Any CPU.ActiveCfg = Release|Any CPU
		{D63FAD32-4C64-4162-8EC7-646B423EBB37}.Release|Any CPU.Build.0 = Release|Any CPU
		{2B88DE71-46E7-4F02-99A7-CEAA4B5DFC3E}.Debug|Any CPU.ActiveCfg = Debug|Any CPU
		{2B88DE71-46E7-4F02-99A7-CEAA4B5DFC3E}.Debug|Any CPU.Build.0 = Debug|Any CPU
		{2B88DE71-46E7-4F02-99A7-CEAA4B5DFC3E}.Release|Any CPU.ActiveCfg = Release|Any CPU
		{2B88DE71-46E7-4F02-99A7-CEAA4B5DFC3E}.Release|Any CPU.Build.0 = Release|Any CPU
		{625A3E2E-E06C-4236-BDE2-2DA32676D9A1}.Debug|Any CPU.ActiveCfg = Debug|Any CPU
		{625A3E2E-E06C-4236-BDE2-2DA32676D9A1}.Debug|Any CPU.Build.0 = Debug|Any CPU
		{625A3E2E-E06C-4236-BDE2-2DA32676D9A1}.Release|Any CPU.ActiveCfg = Release|Any CPU
		{625A3E2E-E06C-4236-BDE2-2DA32676D9A1}.Release|Any CPU.Build.0 = Release|Any CPU
		{1C65AD74-02A9-48E9-8F54-938B7514AFD8}.Debug|Any CPU.ActiveCfg = Debug|Any CPU
		{1C65AD74-02A9-48E9-8F54-938B7514AFD8}.Debug|Any CPU.Build.0 = Debug|Any CPU
		{1C65AD74-02A9-48E9-8F54-938B7514AFD8}.Release|Any CPU.ActiveCfg = Release|Any CPU
		{1C65AD74-02A9-48E9-8F54-938B7514AFD8}.Release|Any CPU.Build.0 = Release|Any CPU
		{BE5872D8-BFEA-4DA5-8862-F21D69D568F0}.Debug|Any CPU.ActiveCfg = Debug|Any CPU
		{BE5872D8-BFEA-4DA5-8862-F21D69D568F0}.Debug|Any CPU.Build.0 = Debug|Any CPU
		{BE5872D8-BFEA-4DA5-8862-F21D69D568F0}.Release|Any CPU.ActiveCfg = Release|Any CPU
		{BE5872D8-BFEA-4DA5-8862-F21D69D568F0}.Release|Any CPU.Build.0 = Release|Any CPU
		{6D60AD08-2CDB-4AD7-8978-545F3BF8D14B}.Debug|Any CPU.ActiveCfg = Debug|Any CPU
		{6D60AD08-2CDB-4AD7-8978-545F3BF8D14B}.Debug|Any CPU.Build.0 = Debug|Any CPU
		{6D60AD08-2CDB-4AD7-8978-545F3BF8D14B}.Release|Any CPU.ActiveCfg = Release|Any CPU
		{6D60AD08-2CDB-4AD7-8978-545F3BF8D14B}.Release|Any CPU.Build.0 = Release|Any CPU
		{833B04B8-4B35-4813-B50D-DEEB71FD7969}.Debug|Any CPU.ActiveCfg = Debug|Any CPU
		{833B04B8-4B35-4813-B50D-DEEB71FD7969}.Debug|Any CPU.Build.0 = Debug|Any CPU
		{833B04B8-4B35-4813-B50D-DEEB71FD7969}.Release|Any CPU.ActiveCfg = Release|Any CPU
		{833B04B8-4B35-4813-B50D-DEEB71FD7969}.Release|Any CPU.Build.0 = Release|Any CPU
		{A2AF9420-914F-4D84-9EDA-623E7C2E68DD}.Debug|Any CPU.ActiveCfg = Debug|Any CPU
		{A2AF9420-914F-4D84-9EDA-623E7C2E68DD}.Debug|Any CPU.Build.0 = Debug|Any CPU
		{A2AF9420-914F-4D84-9EDA-623E7C2E68DD}.Release|Any CPU.ActiveCfg = Release|Any CPU
		{A2AF9420-914F-4D84-9EDA-623E7C2E68DD}.Release|Any CPU.Build.0 = Release|Any CPU
		{7EEBA37A-6536-46B8-B89F-1ABE9DFAF87B}.Debug|Any CPU.ActiveCfg = Debug|Any CPU
		{7EEBA37A-6536-46B8-B89F-1ABE9DFAF87B}.Debug|Any CPU.Build.0 = Debug|Any CPU
		{7EEBA37A-6536-46B8-B89F-1ABE9DFAF87B}.Release|Any CPU.ActiveCfg = Release|Any CPU
		{7EEBA37A-6536-46B8-B89F-1ABE9DFAF87B}.Release|Any CPU.Build.0 = Release|Any CPU
		{2F133AE5-1347-4B59-9629-31C27CB08BC0}.Debug|Any CPU.ActiveCfg = Debug|Any CPU
		{2F133AE5-1347-4B59-9629-31C27CB08BC0}.Debug|Any CPU.Build.0 = Debug|Any CPU
		{2F133AE5-1347-4B59-9629-31C27CB08BC0}.Release|Any CPU.ActiveCfg = Release|Any CPU
		{2F133AE5-1347-4B59-9629-31C27CB08BC0}.Release|Any CPU.Build.0 = Release|Any CPU
		{68A1AD71-ECF0-45EA-B794-2BF91A1A7E51}.Debug|Any CPU.ActiveCfg = Debug|Any CPU
		{68A1AD71-ECF0-45EA-B794-2BF91A1A7E51}.Debug|Any CPU.Build.0 = Debug|Any CPU
		{68A1AD71-ECF0-45EA-B794-2BF91A1A7E51}.Release|Any CPU.ActiveCfg = Release|Any CPU
		{68A1AD71-ECF0-45EA-B794-2BF91A1A7E51}.Release|Any CPU.Build.0 = Release|Any CPU
		{76B94616-1C5D-4986-B2A4-E0732AA77B45}.Debug|Any CPU.ActiveCfg = Debug|Any CPU
		{76B94616-1C5D-4986-B2A4-E0732AA77B45}.Debug|Any CPU.Build.0 = Debug|Any CPU
		{76B94616-1C5D-4986-B2A4-E0732AA77B45}.Release|Any CPU.ActiveCfg = Release|Any CPU
		{76B94616-1C5D-4986-B2A4-E0732AA77B45}.Release|Any CPU.Build.0 = Release|Any CPU
		{179A955C-4DA9-44D0-8451-A7FA93B143F5}.Debug|Any CPU.ActiveCfg = Debug|Any CPU
		{179A955C-4DA9-44D0-8451-A7FA93B143F5}.Debug|Any CPU.Build.0 = Debug|Any CPU
		{179A955C-4DA9-44D0-8451-A7FA93B143F5}.Release|Any CPU.ActiveCfg = Release|Any CPU
		{179A955C-4DA9-44D0-8451-A7FA93B143F5}.Release|Any CPU.Build.0 = Release|Any CPU
	EndGlobalSection
	GlobalSection(SolutionProperties) = preSolution
		HideSolutionNode = FALSE
	EndGlobalSection
	GlobalSection(NestedProjects) = preSolution
		{FC030DD5-358C-4DD6-8BF6-BC06CEFC84B9} = {792B9444-D12A-4675-9722-89D7C82B6238}
		{C3ECE465-07EB-4A5D-9213-48FDF79B1BD0} = {792B9444-D12A-4675-9722-89D7C82B6238}
		{89F17D4A-AAC5-4F2D-8F56-4F167C6C301A} = {792B9444-D12A-4675-9722-89D7C82B6238}
		{54F6C0CC-DA39-41CB-88D8-CA048FBE0B07} = {792B9444-D12A-4675-9722-89D7C82B6238}
		{B3EC5A55-C4BE-49FA-BA17-1BC3B26811E0} = {792B9444-D12A-4675-9722-89D7C82B6238}
		{60EF91C6-A48C-4F6D-847E-48A533932AD6} = {DE467795-AD0C-4088-9644-0D9FB9092B42}
		{D63FAD32-4C64-4162-8EC7-646B423EBB37} = {DE467795-AD0C-4088-9644-0D9FB9092B42}
		{2B88DE71-46E7-4F02-99A7-CEAA4B5DFC3E} = {DE467795-AD0C-4088-9644-0D9FB9092B42}
		{625A3E2E-E06C-4236-BDE2-2DA32676D9A1} = {DE467795-AD0C-4088-9644-0D9FB9092B42}
		{1C65AD74-02A9-48E9-8F54-938B7514AFD8} = {DE467795-AD0C-4088-9644-0D9FB9092B42}
		{BE5872D8-BFEA-4DA5-8862-F21D69D568F0} = {B1A11794-22B3-4770-AA90-C7B1942FB19A}
		{6D60AD08-2CDB-4AD7-8978-545F3BF8D14B} = {B1A11794-22B3-4770-AA90-C7B1942FB19A}
		{833B04B8-4B35-4813-B50D-DEEB71FD7969} = {B1A11794-22B3-4770-AA90-C7B1942FB19A}
		{A2AF9420-914F-4D84-9EDA-623E7C2E68DD} = {B1A11794-22B3-4770-AA90-C7B1942FB19A}
		{7EEBA37A-6536-46B8-B89F-1ABE9DFAF87B} = {B80A59F9-1CF7-4E42-A41B-E012B20674E2}
		{2F133AE5-1347-4B59-9629-31C27CB08BC0} = {B80A59F9-1CF7-4E42-A41B-E012B20674E2}
		{68A1AD71-ECF0-45EA-B794-2BF91A1A7E51} = {B80A59F9-1CF7-4E42-A41B-E012B20674E2}
		{76B94616-1C5D-4986-B2A4-E0732AA77B45} = {B80A59F9-1CF7-4E42-A41B-E012B20674E2}
		{179A955C-4DA9-44D0-8451-A7FA93B143F5} = {27C295FE-D035-4909-B098-7F46D37B2661}
	EndGlobalSection
	GlobalSection(ExtensibilityGlobals) = postSolution
		SolutionGuid = {9A8FAE93-B750-4BB4-8A0A-9B4AAC26B812}
	EndGlobalSection
EndGlobal
